// !$*UTF8*$!
{
	archiveVersion = 1;
	classes = {
	};
	objectVersion = 50;
	objects = {

/* Begin PBXBuildFile section */
		B6CDE9B4250E205A00105D6E /* BuilderPatternApp.swift in Sources */ = {isa = PBXBuildFile; fileRef = B6CDE9A1250E205800105D6E /* BuilderPatternApp.swift */; };
		B6CDE9B5250E205A00105D6E /* BuilderPatternApp.swift in Sources */ = {isa = PBXBuildFile; fileRef = B6CDE9A1250E205800105D6E /* BuilderPatternApp.swift */; };
		B6CDE9B6250E205A00105D6E /* ContentView.swift in Sources */ = {isa = PBXBuildFile; fileRef = B6CDE9A2250E205800105D6E /* ContentView.swift */; };
		B6CDE9B7250E205A00105D6E /* ContentView.swift in Sources */ = {isa = PBXBuildFile; fileRef = B6CDE9A2250E205800105D6E /* ContentView.swift */; };
		B6CDE9B8250E205A00105D6E /* Assets.xcassets in Resources */ = {isa = PBXBuildFile; fileRef = B6CDE9A3250E205A00105D6E /* Assets.xcassets */; };
		B6CDE9B9250E205A00105D6E /* Assets.xcassets in Resources */ = {isa = PBXBuildFile; fileRef = B6CDE9A3250E205A00105D6E /* Assets.xcassets */; };
		B6CDE9C7250E412900105D6E /* CircularProgressView.swift in Sources */ = {isa = PBXBuildFile; fileRef = B6CDE9C6250E412900105D6E /* CircularProgressView.swift */; };
		B6CDE9CD250E4A7500105D6E /* extension.swift in Sources */ = {isa = PBXBuildFile; fileRef = B6CDE9CC250E4A7500105D6E /* extension.swift */; };
/* End PBXBuildFile section */

/* Begin PBXFileReference section */
		B6CDE9A1250E205800105D6E /* BuilderPatternApp.swift */ = {isa = PBXFileReference; lastKnownFileType = sourcecode.swift; path = BuilderPatternApp.swift; sourceTree = "<group>"; };
		B6CDE9A2250E205800105D6E /* ContentView.swift */ = {isa = PBXFileReference; lastKnownFileType = sourcecode.swift; path = ContentView.swift; sourceTree = "<group>"; };
		B6CDE9A3250E205A00105D6E /* Assets.xcassets */ = {isa = PBXFileReference; lastKnownFileType = folder.assetcatalog; path = Assets.xcassets; sourceTree = "<group>"; };
		B6CDE9A8250E205A00105D6E /* BuilderPattern.app */ = {isa = PBXFileReference; explicitFileType = wrapper.application; includeInIndex = 0; path = BuilderPattern.app; sourceTree = BUILT_PRODUCTS_DIR; };
		B6CDE9AB250E205A00105D6E /* Info.plist */ = {isa = PBXFileReference; lastKnownFileType = text.plist.xml; path = Info.plist; sourceTree = "<group>"; };
		B6CDE9B0250E205A00105D6E /* BuilderPattern.app */ = {isa = PBXFileReference; explicitFileType = wrapper.application; includeInIndex = 0; path = BuilderPattern.app; sourceTree = BUILT_PRODUCTS_DIR; };
		B6CDE9B2250E205A00105D6E /* Info.plist */ = {isa = PBXFileReference; lastKnownFileType = text.plist.xml; path = Info.plist; sourceTree = "<group>"; };
		B6CDE9B3250E205A00105D6E /* macOS.entitlements */ = {isa = PBXFileReference; lastKnownFileType = text.plist.entitlements; path = macOS.entitlements; sourceTree = "<group>"; };
		B6CDE9C2250E206A00105D6E /* BuilderPattern.entitlements */ = {isa = PBXFileReference; lastKnownFileType = text.plist.entitlements; path = BuilderPattern.entitlements; sourceTree = "<group>"; };
		B6CDE9C6250E412900105D6E /* CircularProgressView.swift */ = {isa = PBXFileReference; lastKnownFileType = sourcecode.swift; path = CircularProgressView.swift; sourceTree = "<group>"; };
		B6CDE9CC250E4A7500105D6E /* extension.swift */ = {isa = PBXFileReference; lastKnownFileType = sourcecode.swift; path = extension.swift; sourceTree = "<group>"; };
/* End PBXFileReference section */

/* Begin PBXFrameworksBuildPhase section */
		B6CDE9A5250E205A00105D6E /* Frameworks */ = {
			isa = PBXFrameworksBuildPhase;
			buildActionMask = 2147483647;
			files = (
			);
			runOnlyForDeploymentPostprocessing = 0;
		};
		B6CDE9AD250E205A00105D6E /* Frameworks */ = {
			isa = PBXFrameworksBuildPhase;
			buildActionMask = 2147483647;
			files = (
			);
			runOnlyForDeploymentPostprocessing = 0;
		};
/* End PBXFrameworksBuildPhase section */

/* Begin PBXGroup section */
		B6CDE99B250E205800105D6E = {
			isa = PBXGroup;
			children = (
				B6CDE9C2250E206A00105D6E /* BuilderPattern.entitlements */,
				B6CDE9A0250E205800105D6E /* Shared */,
				B6CDE9AA250E205A00105D6E /* iOS */,
				B6CDE9B1250E205A00105D6E /* macOS */,
				B6CDE9A9250E205A00105D6E /* Products */,
			);
			sourceTree = "<group>";
		};
		B6CDE9A0250E205800105D6E /* Shared */ = {
			isa = PBXGroup;
			children = (
				B6CDE9CB250E4A6000105D6E /* Utility */,
				B6CDE9C9250E4A3700105D6E /* View */,
				B6CDE9C8250E4A2E00105D6E /* ViewModel */,
				B6CDE9A1250E205800105D6E /* BuilderPatternApp.swift */,
				B6CDE9A3250E205A00105D6E /* Assets.xcassets */,
			);
			path = Shared;
			sourceTree = "<group>";
		};
		B6CDE9A9250E205A00105D6E /* Products */ = {
			isa = PBXGroup;
			children = (
				B6CDE9A8250E205A00105D6E /* BuilderPattern.app */,
				B6CDE9B0250E205A00105D6E /* BuilderPattern.app */,
			);
			name = Products;
			sourceTree = "<group>";
		};
		B6CDE9AA250E205A00105D6E /* iOS */ = {
			isa = PBXGroup;
			children = (
				B6CDE9AB250E205A00105D6E /* Info.plist */,
			);
			path = iOS;
			sourceTree = "<group>";
		};
		B6CDE9B1250E205A00105D6E /* macOS */ = {
			isa = PBXGroup;
			children = (
				B6CDE9B2250E205A00105D6E /* Info.plist */,
				B6CDE9B3250E205A00105D6E /* macOS.entitlements */,
			);
			path = macOS;
			sourceTree = "<group>";
		};
		B6CDE9C3250E292500105D6E /* Components */ = {
			isa = PBXGroup;
			children = (
				B6CDE9C6250E412900105D6E /* CircularProgressView.swift */,
			);
			path = Components;
			sourceTree = "<group>";
		};
		B6CDE9C8250E4A2E00105D6E /* ViewModel */ = {
			isa = PBXGroup;
			children = (
			);
			path = ViewModel;
			sourceTree = "<group>";
		};
		B6CDE9C9250E4A3700105D6E /* View */ = {
			isa = PBXGroup;
			children = (
				B6CDE9CA250E4A4A00105D6E /* Screens */,
				B6CDE9C3250E292500105D6E /* Components */,
			);
			path = View;
			sourceTree = "<group>";
		};
		B6CDE9CA250E4A4A00105D6E /* Screens */ = {
			isa = PBXGroup;
			children = (
				B6CDE9A2250E205800105D6E /* ContentView.swift */,
			);
			path = Screens;
			sourceTree = "<group>";
		};
		B6CDE9CB250E4A6000105D6E /* Utility */ = {
			isa = PBXGroup;
			children = (
				B6CDE9CC250E4A7500105D6E /* extension.swift */,
			);
			path = Utility;
			sourceTree = "<group>";
		};
/* End PBXGroup section */

/* Begin PBXNativeTarget section */
		B6CDE9A7250E205A00105D6E /* BuilderPattern (iOS) */ = {
			isa = PBXNativeTarget;
			buildConfigurationList = B6CDE9BC250E205A00105D6E /* Build configuration list for PBXNativeTarget "BuilderPattern (iOS)" */;
			buildPhases = (
				B6CDE9A4250E205A00105D6E /* Sources */,
				B6CDE9A5250E205A00105D6E /* Frameworks */,
				B6CDE9A6250E205A00105D6E /* Resources */,
			);
			buildRules = (
			);
			dependencies = (
			);
			name = "BuilderPattern (iOS)";
			productName = "BuilderPattern (iOS)";
			productReference = B6CDE9A8250E205A00105D6E /* BuilderPattern.app */;
			productType = "com.apple.product-type.application";
		};
		B6CDE9AF250E205A00105D6E /* BuilderPattern (macOS) */ = {
			isa = PBXNativeTarget;
			buildConfigurationList = B6CDE9BF250E205A00105D6E /* Build configuration list for PBXNativeTarget "BuilderPattern (macOS)" */;
			buildPhases = (
				B6CDE9AC250E205A00105D6E /* Sources */,
				B6CDE9AD250E205A00105D6E /* Frameworks */,
				B6CDE9AE250E205A00105D6E /* Resources */,
			);
			buildRules = (
			);
			dependencies = (
			);
			name = "BuilderPattern (macOS)";
			productName = "BuilderPattern (macOS)";
			productReference = B6CDE9B0250E205A00105D6E /* BuilderPattern.app */;
			productType = "com.apple.product-type.application";
		};
/* End PBXNativeTarget section */

/* Begin PBXProject section */
		B6CDE99C250E205800105D6E /* Project object */ = {
			isa = PBXProject;
			attributes = {
				LastSwiftUpdateCheck = 1200;
				LastUpgradeCheck = 1200;
				TargetAttributes = {
					B6CDE9A7250E205A00105D6E = {
						CreatedOnToolsVersion = 12.0;
					};
					B6CDE9AF250E205A00105D6E = {
						CreatedOnToolsVersion = 12.0;
					};
				};
			};
			buildConfigurationList = B6CDE99F250E205800105D6E /* Build configuration list for PBXProject "BuilderPattern" */;
			compatibilityVersion = "Xcode 9.3";
			developmentRegion = en;
			hasScannedForEncodings = 0;
			knownRegions = (
				en,
				Base,
			);
			mainGroup = B6CDE99B250E205800105D6E;
			productRefGroup = B6CDE9A9250E205A00105D6E /* Products */;
			projectDirPath = "";
			projectRoot = "";
			targets = (
				B6CDE9A7250E205A00105D6E /* BuilderPattern (iOS) */,
				B6CDE9AF250E205A00105D6E /* BuilderPattern (macOS) */,
			);
		};
/* End PBXProject section */

/* Begin PBXResourcesBuildPhase section */
		B6CDE9A6250E205A00105D6E /* Resources */ = {
			isa = PBXResourcesBuildPhase;
			buildActionMask = 2147483647;
			files = (
				B6CDE9B8250E205A00105D6E /* Assets.xcassets in Resources */,
			);
			runOnlyForDeploymentPostprocessing = 0;
		};
		B6CDE9AE250E205A00105D6E /* Resources */ = {
			isa = PBXResourcesBuildPhase;
			buildActionMask = 2147483647;
			files = (
				B6CDE9B9250E205A00105D6E /* Assets.xcassets in Resources */,
			);
			runOnlyForDeploymentPostprocessing = 0;
		};
/* End PBXResourcesBuildPhase section */

/* Begin PBXSourcesBuildPhase section */
		B6CDE9A4250E205A00105D6E /* Sources */ = {
			isa = PBXSourcesBuildPhase;
			buildActionMask = 2147483647;
			files = (
				B6CDE9B6250E205A00105D6E /* ContentView.swift in Sources */,
				B6CDE9C7250E412900105D6E /* CircularProgressView.swift in Sources */,
				B6CDE9B4250E205A00105D6E /* BuilderPatternApp.swift in Sources */,
				B6CDE9CD250E4A7500105D6E /* extension.swift in Sources */,
			);
			runOnlyForDeploymentPostprocessing = 0;
		};
		B6CDE9AC250E205A00105D6E /* Sources */ = {
			isa = PBXSourcesBuildPhase;
			buildActionMask = 2147483647;
			files = (
				B6CDE9B7250E205A00105D6E /* ContentView.swift in Sources */,
				B6CDE9B5250E205A00105D6E /* BuilderPatternApp.swift in Sources */,
			);
			runOnlyForDeploymentPostprocessing = 0;
		};
/* End PBXSourcesBuildPhase section */

/* Begin XCBuildConfiguration section */
		B6CDE9BA250E205A00105D6E /* Debug */ = {
			isa = XCBuildConfiguration;
			buildSettings = {
				ALWAYS_SEARCH_USER_PATHS = NO;
				CLANG_ANALYZER_NONNULL = YES;
				CLANG_ANALYZER_NUMBER_OBJECT_CONVERSION = YES_AGGRESSIVE;
				CLANG_CXX_LANGUAGE_STANDARD = "gnu++14";
				CLANG_CXX_LIBRARY = "libc++";
				CLANG_ENABLE_MODULES = YES;
				CLANG_ENABLE_OBJC_ARC = YES;
				CLANG_ENABLE_OBJC_WEAK = YES;
				CLANG_WARN_BLOCK_CAPTURE_AUTORELEASING = YES;
				CLANG_WARN_BOOL_CONVERSION = YES;
				CLANG_WARN_COMMA = YES;
				CLANG_WARN_CONSTANT_CONVERSION = YES;
				CLANG_WARN_DEPRECATED_OBJC_IMPLEMENTATIONS = YES;
				CLANG_WARN_DIRECT_OBJC_ISA_USAGE = YES_ERROR;
				CLANG_WARN_DOCUMENTATION_COMMENTS = YES;
				CLANG_WARN_EMPTY_BODY = YES;
				CLANG_WARN_ENUM_CONVERSION = YES;
				CLANG_WARN_INFINITE_RECURSION = YES;
				CLANG_WARN_INT_CONVERSION = YES;
				CLANG_WARN_NON_LITERAL_NULL_CONVERSION = YES;
				CLANG_WARN_OBJC_IMPLICIT_RETAIN_SELF = YES;
				CLANG_WARN_OBJC_LITERAL_CONVERSION = YES;
				CLANG_WARN_OBJC_ROOT_CLASS = YES_ERROR;
				CLANG_WARN_QUOTED_INCLUDE_IN_FRAMEWORK_HEADER = YES;
				CLANG_WARN_RANGE_LOOP_ANALYSIS = YES;
				CLANG_WARN_STRICT_PROTOTYPES = YES;
				CLANG_WARN_SUSPICIOUS_MOVE = YES;
				CLANG_WARN_UNGUARDED_AVAILABILITY = YES_AGGRESSIVE;
				CLANG_WARN_UNREACHABLE_CODE = YES;
				CLANG_WARN__DUPLICATE_METHOD_MATCH = YES;
				COPY_PHASE_STRIP = NO;
				DEBUG_INFORMATION_FORMAT = dwarf;
				ENABLE_STRICT_OBJC_MSGSEND = YES;
				ENABLE_TESTABILITY = YES;
				GCC_C_LANGUAGE_STANDARD = gnu11;
				GCC_DYNAMIC_NO_PIC = NO;
				GCC_NO_COMMON_BLOCKS = YES;
				GCC_OPTIMIZATION_LEVEL = 0;
				GCC_PREPROCESSOR_DEFINITIONS = (
					"DEBUG=1",
					"$(inherited)",
				);
				GCC_WARN_64_TO_32_BIT_CONVERSION = YES;
				GCC_WARN_ABOUT_RETURN_TYPE = YES_ERROR;
				GCC_WARN_UNDECLARED_SELECTOR = YES;
				GCC_WARN_UNINITIALIZED_AUTOS = YES_AGGRESSIVE;
				GCC_WARN_UNUSED_FUNCTION = YES;
				GCC_WARN_UNUSED_VARIABLE = YES;
				MTL_ENABLE_DEBUG_INFO = INCLUDE_SOURCE;
				MTL_FAST_MATH = YES;
				ONLY_ACTIVE_ARCH = YES;
				SWIFT_ACTIVE_COMPILATION_CONDITIONS = DEBUG;
				SWIFT_OPTIMIZATION_LEVEL = "-Onone";
			};
			name = Debug;
		};
		B6CDE9BB250E205A00105D6E /* Release */ = {
			isa = XCBuildConfiguration;
			buildSettings = {
				ALWAYS_SEARCH_USER_PATHS = NO;
				CLANG_ANALYZER_NONNULL = YES;
				CLANG_ANALYZER_NUMBER_OBJECT_CONVERSION = YES_AGGRESSIVE;
				CLANG_CXX_LANGUAGE_STANDARD = "gnu++14";
				CLANG_CXX_LIBRARY = "libc++";
				CLANG_ENABLE_MODULES = YES;
				CLANG_ENABLE_OBJC_ARC = YES;
				CLANG_ENABLE_OBJC_WEAK = YES;
				CLANG_WARN_BLOCK_CAPTURE_AUTORELEASING = YES;
				CLANG_WARN_BOOL_CONVERSION = YES;
				CLANG_WARN_COMMA = YES;
				CLANG_WARN_CONSTANT_CONVERSION = YES;
				CLANG_WARN_DEPRECATED_OBJC_IMPLEMENTATIONS = YES;
				CLANG_WARN_DIRECT_OBJC_ISA_USAGE = YES_ERROR;
				CLANG_WARN_DOCUMENTATION_COMMENTS = YES;
				CLANG_WARN_EMPTY_BODY = YES;
				CLANG_WARN_ENUM_CONVERSION = YES;
				CLANG_WARN_INFINITE_RECURSION = YES;
				CLANG_WARN_INT_CONVERSION = YES;
				CLANG_WARN_NON_LITERAL_NULL_CONVERSION = YES;
				CLANG_WARN_OBJC_IMPLICIT_RETAIN_SELF = YES;
				CLANG_WARN_OBJC_LITERAL_CONVERSION = YES;
				CLANG_WARN_OBJC_ROOT_CLASS = YES_ERROR;
				CLANG_WARN_QUOTED_INCLUDE_IN_FRAMEWORK_HEADER = YES;
				CLANG_WARN_RANGE_LOOP_ANALYSIS = YES;
				CLANG_WARN_STRICT_PROTOTYPES = YES;
				CLANG_WARN_SUSPICIOUS_MOVE = YES;
				CLANG_WARN_UNGUARDED_AVAILABILITY = YES_AGGRESSIVE;
				CLANG_WARN_UNREACHABLE_CODE = YES;
				CLANG_WARN__DUPLICATE_METHOD_MATCH = YES;
				COPY_PHASE_STRIP = NO;
				DEBUG_INFORMATION_FORMAT = "dwarf-with-dsym";
				ENABLE_NS_ASSERTIONS = NO;
				ENABLE_STRICT_OBJC_MSGSEND = YES;
				GCC_C_LANGUAGE_STANDARD = gnu11;
				GCC_NO_COMMON_BLOCKS = YES;
				GCC_WARN_64_TO_32_BIT_CONVERSION = YES;
				GCC_WARN_ABOUT_RETURN_TYPE = YES_ERROR;
				GCC_WARN_UNDECLARED_SELECTOR = YES;
				GCC_WARN_UNINITIALIZED_AUTOS = YES_AGGRESSIVE;
				GCC_WARN_UNUSED_FUNCTION = YES;
				GCC_WARN_UNUSED_VARIABLE = YES;
				MTL_ENABLE_DEBUG_INFO = NO;
				MTL_FAST_MATH = YES;
				SWIFT_COMPILATION_MODE = wholemodule;
				SWIFT_OPTIMIZATION_LEVEL = "-O";
			};
			name = Release;
		};
		B6CDE9BD250E205A00105D6E /* Debug */ = {
			isa = XCBuildConfiguration;
			buildSettings = {
				ASSETCATALOG_COMPILER_APPICON_NAME = AppIcon;
				ASSETCATALOG_COMPILER_GLOBAL_ACCENT_COLOR_NAME = AccentColor;
				CODE_SIGN_ENTITLEMENTS = BuilderPattern.entitlements;
				CODE_SIGN_STYLE = Automatic;
				DEVELOPMENT_TEAM = YL52YHAX7H;
				ENABLE_PREVIEWS = YES;
				INFOPLIST_FILE = iOS/Info.plist;
				IPHONEOS_DEPLOYMENT_TARGET = 14.0;
				LD_RUNPATH_SEARCH_PATHS = (
					"$(inherited)",
					"@executable_path/Frameworks",
				);
				PRODUCT_BUNDLE_IDENTIFIER = com.malav.swiftui.BuilderPattern;
				PRODUCT_NAME = BuilderPattern;
				SDKROOT = iphoneos;
				SUPPORTS_MACCATALYST = NO;
				SWIFT_VERSION = 5.0;
				TARGETED_DEVICE_FAMILY = "1,2";
			};
			name = Debug;
		};
		B6CDE9BE250E205A00105D6E /* Release */ = {
			isa = XCBuildConfiguration;
			buildSettings = {
				ASSETCATALOG_COMPILER_APPICON_NAME = AppIcon;
				ASSETCATALOG_COMPILER_GLOBAL_ACCENT_COLOR_NAME = AccentColor;
				CODE_SIGN_ENTITLEMENTS = BuilderPattern.entitlements;
				CODE_SIGN_STYLE = Automatic;
				DEVELOPMENT_TEAM = YL52YHAX7H;
				ENABLE_PREVIEWS = YES;
				INFOPLIST_FILE = iOS/Info.plist;
				IPHONEOS_DEPLOYMENT_TARGET = 14.0;
				LD_RUNPATH_SEARCH_PATHS = (
					"$(inherited)",
					"@executable_path/Frameworks",
				);
				PRODUCT_BUNDLE_IDENTIFIER = com.malav.swiftui.BuilderPattern;
				PRODUCT_NAME = BuilderPattern;
				SDKROOT = iphoneos;
				SUPPORTS_MACCATALYST = NO;
				SWIFT_VERSION = 5.0;
				TARGETED_DEVICE_FAMILY = "1,2";
				VALIDATE_PRODUCT = YES;
			};
			name = Release;
		};
		B6CDE9C0250E205A00105D6E /* Debug */ = {
			isa = XCBuildConfiguration;
			buildSettings = {
				ASSETCATALOG_COMPILER_APPICON_NAME = AppIcon;
				ASSETCATALOG_COMPILER_GLOBAL_ACCENT_COLOR_NAME = AccentColor;
				CODE_SIGN_ENTITLEMENTS = macOS/macOS.entitlements;
				CODE_SIGN_STYLE = Automatic;
				COMBINE_HIDPI_IMAGES = YES;
				DEVELOPMENT_TEAM = YL52YHAX7H;
				ENABLE_HARDENED_RUNTIME = YES;
				ENABLE_PREVIEWS = YES;
				INFOPLIST_FILE = macOS/Info.plist;
				LD_RUNPATH_SEARCH_PATHS = (
					"$(inherited)",
					"@executable_path/../Frameworks",
				);
				MACOSX_DEPLOYMENT_TARGET = 11.0;
				PRODUCT_BUNDLE_IDENTIFIER = com.malav.swiftui.BuilderPattern;
				PRODUCT_NAME = BuilderPattern;
				SDKROOT = macosx;
				SWIFT_VERSION = 5.0;
			};
			name = Debug;
		};
		B6CDE9C1250E205A00105D6E /* Release */ = {
			isa = XCBuildConfiguration;
			buildSettings = {
				ASSETCATALOG_COMPILER_APPICON_NAME = AppIcon;
				ASSETCATALOG_COMPILER_GLOBAL_ACCENT_COLOR_NAME = AccentColor;
				CODE_SIGN_ENTITLEMENTS = macOS/macOS.entitlements;
				CODE_SIGN_STYLE = Automatic;
				COMBINE_HIDPI_IMAGES = YES;
				DEVELOPMENT_TEAM = YL52YHAX7H;
				ENABLE_HARDENED_RUNTIME = YES;
				ENABLE_PREVIEWS = YES;
				INFOPLIST_FILE = macOS/Info.plist;
				LD_RUNPATH_SEARCH_PATHS = (
					"$(inherited)",
					"@executable_path/../Frameworks",
				);
				MACOSX_DEPLOYMENT_TARGET = 11.0;
				PRODUCT_BUNDLE_IDENTIFIER = com.malav.swiftui.BuilderPattern;
				PRODUCT_NAME = BuilderPattern;
				SDKROOT = macosx;
				SWIFT_VERSION = 5.0;
			};
			name = Release;
		};
/* End XCBuildConfiguration section */

/* Begin XCConfigurationList section */
		B6CDE99F250E205800105D6E /* Build configuration list for PBXProject "BuilderPattern" */ = {
			isa = XCConfigurationList;
			buildConfigurations = (
				B6CDE9BA250E205A00105D6E /* Debug */,
				B6CDE9BB250E205A00105D6E /* Release */,
			);
			defaultConfigurationIsVisible = 0;
			defaultConfigurationName = Release;
		};
		B6CDE9BC250E205A00105D6E /* Build configuration list for PBXNativeTarget "BuilderPattern (iOS)" */ = {
			isa = XCConfigurationList;
			buildConfigurations = (
				B6CDE9BD250E205A00105D6E /* Debug */,
				B6CDE9BE250E205A00105D6E /* Release */,
			);
			defaultConfigurationIsVisible = 0;
			defaultConfigurationName = Release;
		};
		B6CDE9BF250E205A00105D6E /* Build configuration list for PBXNativeTarget "BuilderPattern (macOS)" */ = {
			isa = XCConfigurationList;
			buildConfigurations = (
				B6CDE9C0250E205A00105D6E /* Debug */,
				B6CDE9C1250E205A00105D6E /* Release */,
			);
			defaultConfigurationIsVisible = 0;
			defaultConfigurationName = Release;
		};
/* End XCConfigurationList section */
	};
	rootObject = B6CDE99C250E205800105D6E /* Project object */;
}
